Microsoft Visual Studio Solution File, Format Version 12.00
# Visual Studio Version 17
VisualStudioVersion = 17.5.2.0
MinimumVisualStudioVersion = 10.0.40219.1
Project("{FAE04EC0-301F-11D3-BF4B-00C04F79EFBC}") = "StudentManagment", "StudentManagment.csproj", "{251D9EF9-1BD9-3E25-E830-C7640AE37E0D}"
EndProject
Global
	GlobalSection(SolutionConfigurationPlatforms) = preSolution
		Debug|Any CPU = Debug|Any CPU
		Release|Any CPU = Release|Any CPU
	EndGlobalSection
	GlobalSection(ProjectConfigurationPlatforms) = postSolution
		{251D9EF9-1BD9-3E25-E830-C7640AE37E0D}.Debug|Any CPU.ActiveCfg = Debug|Any CPU
		{251D9EF9-1BD9-3E25-E830-C7640AE37E0D}.Debug|Any CPU.Build.0 = Debug|Any CPU
		{251D9EF9-1BD9-3E25-E830-C7640AE37E0D}.Release|Any CPU.ActiveCfg = Release|Any CPU
		{251D9EF9-1BD9-3E25-E830-C7640AE37E0D}.Release|Any CPU.Build.0 = Release|Any CPU
	EndGlobalSection
	GlobalSection(SolutionProperties) = preSolution
		HideSolutionNode = FALSE
	EndGlobalSection
	GlobalSection(ExtensibilityGlobals) = postSolution
		SolutionGuid = {B5A1D931-8F39-4ECD-81F5-10529F9B5F82}
	EndGlobalSection
EndGlobal
